# This file is automatically @generated by Cargo.
# It is not intended for manual editing.
version = 4

[[package]]
name = "audio-core"
version = "0.2.1"
source = "registry+https://github.com/rust-lang/crates.io-index"
checksum = "f93ebbf82d06013f4c41fe71303feb980cddd78496d904d06be627972de51a24"

[[package]]
name = "audioadapter"
version = "4.0.0"
source = "registry+https://github.com/rust-lang/crates.io-index"
checksum = "c75c3943c6c7279bb25a449a8d1727480730ab2efd7b6fd5d6ca51927096e6e4"
dependencies = [
 "audio-core",
 "num-traits",
]

[[package]]
name = "audioadapter-buffers"
version = "4.0.0"
source = "registry+https://github.com/rust-lang/crates.io-index"
checksum = "ece3390b6eb40379094843a1da5aaccc34bc0d85a8cbf68d09fe092fee6de29e"
dependencies = [
 "audioadapter",
 "audioadapter-sample",
 "num-traits",
]

[[package]]
name = "audioadapter-sample"
version = "4.0.0"
source = "registry+https://github.com/rust-lang/crates.io-index"
checksum = "1592f90413568e259413c21a41a3d571feb1774255c209e7966d98f9db708c90"
dependencies = [
 "audio-core",
 "num-traits",
]

[[package]]
name = "autocfg"
version = "1.5.1"
source = "registry+https://github.com/rust-lang/crates.io-index"
checksum = "f2032f911046de80f0a198e0901378627c33f59ea0ac00e363d481118bd70a53"

[[package]]
name = "bitflags"
version = "2.13.1"
source = "registry+https://github.com/rust-lang/crates.io-index"
checksum = "b588b76d00fde79687d7646a9b5bdf3cc0f655e0bbd080335a95d7e96f3587da"

[[package]]
name = "bytemuck"
version = "1.25.1"
source = "registry+https://github.com/rust-lang/crates.io-index"
checksum = "d6aedf8ae72766347502cf3cb4f41cf5e9cc37d28bee90f1fdaaae15f9cf9424"

[[package]]
name = "cc"
version = "1.2.67"
source = "registry+https://github.com/rust-lang/crates.io-index"
checksum = "e17dd265a7d0f31ef544e1b20e03add05d3b45b491b633b10d67145d2acc1a38"
dependencies = [
 "find-msvc-tools",
 "shlex",
]

[[package]]
name = "cmake"
version = "0.1.58"
source = "registry+https://github.com/rust-lang/crates.io-index"
checksum = "c0f78a02292a74a88ac736019ab962ece0bc380e3f977bf72e376c5d78ff0678"
dependencies = [
 "cc",
]

[[package]]
name = "extended"
version = "0.1.0"
source = "registry+https://github.com/rust-lang/crates.io-index"
checksum = "af9673d8203fcb076b19dfd17e38b3d4ae9f44959416ea532ce72415a6020365"

[[package]]
name = "find-msvc-tools"
version = "0.1.9"
source = "registry+https://github.com/rust-lang/crates.io-index"
checksum = "5baebc0774151f905a1a2cc41989300b1e6fbb29aff0ceffa1064fdd3088d582"

[[package]]
name = "heck"
version = "0.5.0"
source = "registry+https://github.com/rust-lang/crates.io-index"
checksum = "2304e00983f87ffb38b55b444b5e3b60a884b5d30c0fca7d82fe33449bbe55ea"

[[package]]
name = "lazy_static"
version = "1.5.0"
source = "registry+https://github.com/rust-lang/crates.io-index"
checksum = "bbd2bcb4c963f2ddae06a2efc7e9f3591312473c50c6685e1f298068316e66fe"

[[package]]
name = "libc"
version = "0.2.186"
source = "registry+https://github.com/rust-lang/crates.io-index"
checksum = "68ab91017fe16c622486840e4c83c9a37afeff978bd239b5293d61ece587de66"

[[package]]
name = "log"
version = "0.4.33"
source = "registry+https://github.com/rust-lang/crates.io-index"
checksum = "0ceec5bc11778974d1bcb055b18002eba7f4b3518b6a0081b3af5f21666da9ad"

[[package]]
name = "num-complex"
version = "0.4.6"
source = "registry+https://github.com/rust-lang/crates.io-index"
checksum = "73f88a1307638156682bada9d7604135552957b7818057dcef22705b4d509495"
dependencies = [
 "num-traits",
]

[[package]]
name = "num-integer"
version = "0.1.46"
source = "registry+https://github.com/rust-lang/crates.io-index"
checksum = "7969661fd2958a5cb096e56c8e1ad0444ac2bbcd0061bd28660485a44879858f"
dependencies = [
 "num-traits",
]

[[package]]
name = "num-traits"
version = "0.2.19"
source = "registry+https://github.com/rust-lang/crates.io-index"
checksum = "071dfc062690e90b734c0b2273ce72ad0ffa95f0c74596bc250dcfd960262841"
dependencies = [
 "autocfg",
]

[[package]]
name = "once_cell"
version = "1.21.4"
source = "registry+https://github.com/rust-lang/crates.io-index"
checksum = "9f7c3e4beb33f85d45ae3e3a1792185706c8e16d043238c593331cc7cd313b50"

[[package]]
name = "opusic-sys"
version = "0.7.3"
source = "registry+https://github.com/rust-lang/crates.io-index"
checksum = "2804e694ef0de3b4cbb254de565053b7cb48d3398df7fd60c6c62bed40c5372a"
dependencies = [
 "cmake",
]

[[package]]
name = "portable-atomic"
version = "1.14.0"
source = "registry+https://github.com/rust-lang/crates.io-index"
checksum = "3d20d5497ef88037a52ff98267d066e7f11fcc5e99bbfbd58a42336193aacec3"

[[package]]
name = "primal-check"
version = "0.3.4"
source = "registry+https://github.com/rust-lang/crates.io-index"
checksum = "dc0d895b311e3af9902528fbb8f928688abbd95872819320517cc24ca6b2bd08"
dependencies = [
 "num-integer",
]

[[package]]
name = "proc-macro2"
version = "1.0.106"
source = "registry+https://github.com/rust-lang/crates.io-index"
checksum = "8fd00f0bb2e90d81d1044c2b32617f68fcb9fa3bb7640c23e9c748e53fb30934"
dependencies = [
 "unicode-ident",
]

[[package]]
name = "pyo3"
version = "0.29.0"
source = "registry+https://github.com/rust-lang/crates.io-index"
checksum = "cd274650b21d4bfc26a0a47587962c1edb425f69287324355cd040c3ea66071c"
dependencies = [
 "libc",
 "once_cell",
 "portable-atomic",
 "pyo3-build-config",
 "pyo3-ffi",
 "pyo3-macros",
]

[[package]]
name = "pyo3-build-config"
version = "0.29.0"
source = "registry+https://github.com/rust-lang/crates.io-index"
checksum = "c5e2a7d2f0d013342f295c048ad19237add5154a55b1c5a254c0ec93d4109078"
dependencies = [
 "target-lexicon",
]

[[package]]
name = "pyo3-ffi"
version = "0.29.0"
source = "registry+https://github.com/rust-lang/crates.io-index"
checksum = "ca85c467da1bbc8d866eea5deff9cf29ea5f7785054a17da36e65bda9c05845b"
dependencies = [
 "libc",
 "pyo3-build-config",
]

[[package]]
name = "pyo3-macros"
version = "0.29.0"
source = "registry+https://github.com/rust-lang/crates.io-index"
checksum = "9ac53762fd065daa3194dd09337a38bd793a188100fd1a9304c4ab312d901771"
dependencies = [
 "proc-macro2",
 "pyo3-macros-backend",
 "quote",
 "syn",
]

[[package]]
name = "pyo3-macros-backend"
version = "0.29.0"
source = "registry+https://github.com/rust-lang/crates.io-index"
checksum = "4ca3a1557399783172dc5bf39cfca835157732532cba56b71d2292161e53b362"
dependencies = [
 "heck",
 "proc-macro2",
 "quote",
 "syn",
]

[[package]]
name = "quote"
version = "1.0.46"
source = "registry+https://github.com/rust-lang/crates.io-index"
checksum = "dfbc457d0c7a0759a614551b11a6409e5951f6c7537be1f1b7682b9ae9230368"
dependencies = [
 "proc-macro2",
]

[[package]]
name = "realfft"
version = "3.5.0"
source = "registry+https://github.com/rust-lang/crates.io-index"
checksum = "f821338fddb99d089116342c46e9f1fbf3828dba077674613e734e01d6ea8677"
dependencies = [
 "rustfft",
]

[[package]]
name = "regex-lite"
version = "0.1.9"
source = "registry+https://github.com/rust-lang/crates.io-index"
checksum = "cab834c73d247e67f4fae452806d17d3c7501756d98c8808d7c9c7aa7d18f973"

[[package]]
name = "rmp"
version = "0.8.15"
source = "registry+https://github.com/rust-lang/crates.io-index"
checksum = "4ba8be72d372b2c9b35542551678538b562e7cf86c3315773cae48dfbfe7790c"
dependencies = [
 "num-traits",
]

[[package]]
name = "rmpv"
version = "1.3.1"
source = "registry+https://github.com/rust-lang/crates.io-index"
checksum = "7a4e1d4b9b938a26d2996af33229f0ca0956c652c1375067f0b45291c1df8417"
dependencies = [
 "rmp",
]

[[package]]
name = "rubato"
version = "4.0.0"
source = "registry+https://github.com/rust-lang/crates.io-index"
checksum = "f57c655d11e929f05a8663b323ff553f8d9773be05dfdc087795955bedeb8d92"
dependencies = [
 "audioadapter",
 "audioadapter-buffers",
 "num-complex",
 "num-integer",
 "num-traits",
 "realfft",
 "visibility",
 "windowfunctions",
]

[[package]]
name = "rustfft"
version = "6.4.1"
source = "registry+https://github.com/rust-lang/crates.io-index"
checksum = "21db5f9893e91f41798c88680037dba611ca6674703c1a18601b01a72c8adb89"
dependencies = [
 "num-complex",
 "num-integer",
 "num-traits",
 "primal-check",
 "strength_reduce",
 "transpose",
]

[[package]]
name = "shlex"
version = "2.0.1"
source = "registry+https://github.com/rust-lang/crates.io-index"
checksum = "f8fadd59c855ef2080decdef8ff161eb6661b86933c9d82e5ba29dc602a55aba"

[[package]]
name = "sie-audio-prep"
version = "0.6.23"
dependencies = [
 "audioadapter-buffers",
 "opusic-sys",
 "pyo3",
 "rmpv",
 "rubato",
 "symphonia",
 "symphonia-adapter-libopus",
 "thiserror",
]

[[package]]
name = "smallvec"
version = "1.15.2"
source = "registry+https://github.com/rust-lang/crates.io-index"
checksum = "8ed6a63f02c8539c91a8685a86f4099661ba3da017932f6ebbea6de3f0fa7c90"

[[package]]
name = "strength_reduce"
version = "0.2.4"
source = "registry+https://github.com/rust-lang/crates.io-index"
checksum = "fe895eb47f22e2ddd4dabc02bce419d2e643c8e3b585c78158b349195bc24d82"

[[package]]
name = "symphonia"
version = "0.6.0"
source = "registry+https://github.com/rust-lang/crates.io-index"
checksum = "1758d6c853020a7244de03cc3e0185eaea3f58715122422dd3cc7452e6d4c16a"
dependencies = [
 "lazy_static",
 "symphonia-bundle-flac",
 "symphonia-bundle-mp3",
 "symphonia-codec-aac",
 "symphonia-codec-alac",
 "symphonia-codec-pcm",
 "symphonia-codec-vorbis",
 "symphonia-core",
 "symphonia-format-isomp4",
 "symphonia-format-mkv",
 "symphonia-format-ogg",
 "symphonia-format-riff",
 "symphonia-metadata",
]

[[package]]
name = "symphonia-adapter-libopus"
version = "0.3.0"
source = "registry+https://github.com/rust-lang/crates.io-index"
checksum = "c6febe6f88f9a9483db7e5b72a2dad916d8f8eb588d18905a39c861319fc7fa1"
dependencies = [
 "log",
 "opusic-sys",
 "symphonia-core",
]

[[package]]
name = "symphonia-bundle-flac"
version = "0.6.0"
source = "registry+https://github.com/rust-lang/crates.io-index"
checksum = "ee69ad01236a67260b82fd1ff9790dd75ead29f2f46af145e63b7e72273e0e03"
dependencies = [
 "log",
 "symphonia-common",
 "symphonia-core",
 "symphonia-metadata",
]

[[package]]
name = "symphonia-bundle-mp3"
version = "0.6.0"
source = "registry+https://github.com/rust-lang/crates.io-index"
checksum = "350f1f2f2e19ad4dd315db94304d1eb361b29af070681f94e51b8fdaad769546"
dependencies = [
 "lazy_static",
 "log",
 "symphonia-core",
]

[[package]]
name = "symphonia-codec-aac"
version = "0.6.0"
source = "registry+https://github.com/rust-lang/crates.io-index"
checksum = "f1979c515a76371b186aad2feff5f23e21cbec775bf95de08bf1e3af92a2ad76"
dependencies = [
 "lazy_static",
 "log",
 "symphonia-common",
 "symphonia-core",
]

[[package]]
name = "symphonia-codec-alac"
version = "0.6.0"
source = "registry+https://github.com/rust-lang/crates.io-index"
checksum = "3a149cbfc7fb5c405d123a273227d31de17138419552112bf1aa7b73e65827b8"
dependencies = [
 "log",
 "symphonia-common",
 "symphonia-core",
]

[[package]]
name = "symphonia-codec-pcm"
version = "0.6.0"
source = "registry+https://github.com/rust-lang/crates.io-index"
checksum = "50baee168f0e9dcf6ba7fc06e8b57eb62072a4490cc7cf13af77e72baae5d328"
dependencies = [
 "log",
 "symphonia-core",
]

[[package]]
name = "symphonia-codec-vorbis"
version = "0.6.0"
source = "registry+https://github.com/rust-lang/crates.io-index"
checksum = "45b07b4423cd8e0fc472575909a5554b12c2f58e3c190b38c24f042e732fd8de"
dependencies = [
 "log",
 "symphonia-common",
 "symphonia-core",
]

[[package]]
name = "symphonia-common"
version = "0.6.0"
source = "registry+https://github.com/rust-lang/crates.io-index"
checksum = "8257891ffa7f05e02b58f4761e2abf7e5278c8744fd59e981559e050f86eef55"
dependencies = [
 "log",
 "symphonia-core",
 "symphonia-metadata",
]

[[package]]
name = "symphonia-core"
version = "0.6.0"
source = "registry+https://github.com/rust-lang/crates.io-index"
checksum = "95ec293b5f288383b72a7bffcade6b2860b642cf66f28b3bd5967349a49938b1"
dependencies = [
 "bitflags",
 "bytemuck",
 "lazy_static",
 "log",
 "num-complex",
 "rustfft",
 "smallvec",
]

[[package]]
name = "symphonia-format-isomp4"
version = "0.6.0"
source = "registry+https://github.com/rust-lang/crates.io-index"
checksum = "2d179a01305b3505940135a9f0180d6ef4b487912748fe97554756f120fbd05e"
dependencies = [
 "log",
 "symphonia-common",
 "symphonia-core",
 "symphonia-metadata",
]

[[package]]
name = "symphonia-format-mkv"
version = "0.6.0"
source = "registry+https://github.com/rust-lang/crates.io-index"
checksum = "fb17713e134f5ad316c2690fa3104590ccc85842cdbcf82c3cd1a845cb08aa74"
dependencies = [
 "lazy_static",
 "log",
 "symphonia-common",
 "symphonia-core",
]

[[package]]
name = "symphonia-format-ogg"
version = "0.6.0"
source = "registry+https://github.com/rust-lang/crates.io-index"
checksum = "b05a67e02b1e4fca1a261ba4fe06910a9357489ad8c36aafdd2960e9c6559433"
dependencies = [
 "log",
 "symphonia-common",
 "symphonia-core",
 "symphonia-metadata",
]

[[package]]
name = "symphonia-format-riff"
version = "0.6.0"
source = "registry+https://github.com/rust-lang/crates.io-index"
checksum = "17424452a777666d3eaf09a5c651029b15b6a333812fcc5b5474f2a3f0cff3f0"
dependencies = [
 "extended",
 "log",
 "symphonia-core",
 "symphonia-metadata",
]

[[package]]
name = "symphonia-metadata"
version = "0.6.0"
source = "registry+https://github.com/rust-lang/crates.io-index"
checksum = "a31acf5cd623398a6208e2225d18f4b20f761c55098a796a5247ad516a4a8681"
dependencies = [
 "lazy_static",
 "log",
 "regex-lite",
 "smallvec",
 "symphonia-core",
]

[[package]]
name = "syn"
version = "2.0.119"
source = "registry+https://github.com/rust-lang/crates.io-index"
checksum = "872831b642d1a07999a962a351ed35b955ea2cfc8f3862091e2a240a84f17297"
dependencies = [
 "proc-macro2",
 "quote",
 "unicode-ident",
]

[[package]]
name = "target-lexicon"
version = "0.13.5"
source = "registry+https://github.com/rust-lang/crates.io-index"
checksum = "adb6935a6f5c20170eeceb1a3835a49e12e19d792f6dd344ccc76a985ca5a6ca"

[[package]]
name = "thiserror"
version = "2.0.18"
source = "registry+https://github.com/rust-lang/crates.io-index"
checksum = "4288b5bcbc7920c07a1149a35cf9590a2aa808e0bc1eafaade0b80947865fbc4"
dependencies = [
 "thiserror-impl",
]

[[package]]
name = "thiserror-impl"
version = "2.0.18"
source = "registry+https://github.com/rust-lang/crates.io-index"
checksum = "ebc4ee7f67670e9b64d05fa4253e753e016c6c95ff35b89b7941d6b856dec1d5"
dependencies = [
 "proc-macro2",
 "quote",
 "syn",
]

[[package]]
name = "transpose"
version = "0.2.3"
source = "registry+https://github.com/rust-lang/crates.io-index"
checksum = "1ad61aed86bc3faea4300c7aee358b4c6d0c8d6ccc36524c96e4c92ccf26e77e"
dependencies = [
 "num-integer",
 "strength_reduce",
]

[[package]]
name = "unicode-ident"
version = "1.0.24"
source = "registry+https://github.com/rust-lang/crates.io-index"
checksum = "e6e4313cd5fcd3dad5cafa179702e2b244f760991f45397d14d4ebf38247da75"

[[package]]
name = "visibility"
version = "0.1.1"
source = "registry+https://github.com/rust-lang/crates.io-index"
checksum = "d674d135b4a8c1d7e813e2f8d1c9a58308aee4a680323066025e53132218bd91"
dependencies = [
 "proc-macro2",
 "quote",
 "syn",
]

[[package]]
name = "windowfunctions"
version = "0.1.1"
source = "registry+https://github.com/rust-lang/crates.io-index"
checksum = "90628d739333b7c5d2ee0b70210b97b8cddc38440c682c96fd9e2c24c2db5f3a"
dependencies = [
 "num-traits",
]
