dependencies:
- name: keda
  repository: https://kedacore.github.io/charts
  version: 2.14.3
- name: kube-prometheus-stack
  repository: https://prometheus-community.github.io/helm-charts
  version: 67.11.0
- name: dcgm-exporter
  repository: https://nvidia.github.io/dcgm-exporter/helm-charts
  version: 3.6.1
- name: loki
  repository: https://grafana.github.io/helm-charts
  version: 6.23.0
- name: alloy
  repository: https://grafana.github.io/helm-charts
  version: 0.10.1
- name: tempo
  repository: https://grafana-community.github.io/helm-charts
  version: 2.2.3
- name: kubernetes-event-exporter
  repository: oci://registry-1.docker.io/bitnamicharts
  version: 3.6.3
- name: nats
  repository: https://nats-io.github.io/k8s/helm/charts/
  version: 2.12.6
- name: cert-manager
  repository: https://charts.jetstack.io
  version: v1.16.5
- name: trust-manager
  repository: https://charts.jetstack.io
  version: v0.13.0
digest: sha256:d9a00b62c8fb60d1481fce18a98aea0291ff81aa5b661d73b88d56845e3bbe64
generated: "2026-07-02T11:24:24.047532+02:00"
